
Microsoft Visual Studio Solution File, Format Version 12.00
# Visual Studio Version 17
VisualStudioVersion = 17.11.35312.102
MinimumVisualStudioVersion = 10.0.40219.1
Project("{FAE04EC0-301F-11D3-BF4B-00C04F79EFBC}") = "Ejercicio01", "Ejercicio01\Ejercicio01.csproj", "{F093A27A-C9F1-49A3-A9A0-B8FB45ED6A74}"
EndProject
Project("{FAE04EC0-301F-11D3-BF4B-00C04F79EFBC}") = "Ejercicio02", "Ejercicio02\Ejercicio02.csproj", "{D2DCD850-7F58-46CD-B8E4-4097A1D97194}"
EndProject
Project("{FAE04EC0-301F-11D3-BF4B-00C04F79EFBC}") = "Modelo", "ClsPersona\Modelo.csproj", "{84F730F2-E295-4D0C-8B49-1E309896726D}"
EndProject
Project("{FAE04EC0-301F-11D3-BF4B-00C04F79EFBC}") = "Ejercicio03", "Ejercicio03\Ejercicio03.csproj", "{3E902E69-3E97-4998-AA76-B36076085DB6}"
EndProject
Global
	GlobalSection(SolutionConfigurationPlatforms) = preSolution
		Debug|Any CPU = Debug|Any CPU
		Release|Any CPU = Release|Any CPU
	EndGlobalSection
	GlobalSection(ProjectConfigurationPlatforms) = postSolution
		{F093A27A-C9F1-49A3-A9A0-B8FB45ED6A74}.Debug|Any CPU.ActiveCfg = Debug|Any CPU
		{F093A27A-C9F1-49A3-A9A0-B8FB45ED6A74}.Debug|Any CPU.Build.0 = Debug|Any CPU
		{F093A27A-C9F1-49A3-A9A0-B8FB45ED6A74}.Debug|Any CPU.Deploy.0 = Debug|Any CPU
		{F093A27A-C9F1-49A3-A9A0-B8FB45ED6A74}.Release|Any CPU.ActiveCfg = Release|Any CPU
		{F093A27A-C9F1-49A3-A9A0-B8FB45ED6A74}.Release|Any CPU.Build.0 = Release|Any CPU
		{F093A27A-C9F1-49A3-A9A0-B8FB45ED6A74}.Release|Any CPU.Deploy.0 = Release|Any CPU
		{D2DCD850-7F58-46CD-B8E4-4097A1D97194}.Debug|Any CPU.ActiveCfg = Debug|Any CPU
		{D2DCD850-7F58-46CD-B8E4-4097A1D97194}.Debug|Any CPU.Build.0 = Debug|Any CPU
		{D2DCD850-7F58-46CD-B8E4-4097A1D97194}.Debug|Any CPU.Deploy.0 = Debug|Any CPU
		{D2DCD850-7F58-46CD-B8E4-4097A1D97194}.Release|Any CPU.ActiveCfg = Release|Any CPU
		{D2DCD850-7F58-46CD-B8E4-4097A1D97194}.Release|Any CPU.Build.0 = Release|Any CPU
		{D2DCD850-7F58-46CD-B8E4-4097A1D97194}.Release|Any CPU.Deploy.0 = Release|Any CPU
		{84F730F2-E295-4D0C-8B49-1E309896726D}.Debug|Any CPU.ActiveCfg = Debug|Any CPU
		{84F730F2-E295-4D0C-8B49-1E309896726D}.Debug|Any CPU.Build.0 = Debug|Any CPU
		{84F730F2-E295-4D0C-8B49-1E309896726D}.Release|Any CPU.ActiveCfg = Release|Any CPU
		{84F730F2-E295-4D0C-8B49-1E309896726D}.Release|Any CPU.Build.0 = Release|Any CPU
		{3E902E69-3E97-4998-AA76-B36076085DB6}.Debug|Any CPU.ActiveCfg = Debug|Any CPU
		{3E902E69-3E97-4998-AA76-B36076085DB6}.Debug|Any CPU.Build.0 = Debug|Any CPU
		{3E902E69-3E97-4998-AA76-B36076085DB6}.Debug|Any CPU.Deploy.0 = Debug|Any CPU
		{3E902E69-3E97-4998-AA76-B36076085DB6}.Release|Any CPU.ActiveCfg = Release|Any CPU
		{3E902E69-3E97-4998-AA76-B36076085DB6}.Release|Any CPU.Build.0 = Release|Any CPU
		{3E902E69-3E97-4998-AA76-B36076085DB6}.Release|Any CPU.Deploy.0 = Release|Any CPU
	EndGlobalSection
	GlobalSection(SolutionProperties) = preSolution
		HideSolutionNode = FALSE
	EndGlobalSection
	GlobalSection(ExtensibilityGlobals) = postSolution
		SolutionGuid = {EF220ECB-B725-4D3E-88F9-3459A879A871}
	EndGlobalSection
EndGlobal
