
Microsoft Visual Studio Solution File, Format Version 12.00
# Visual Studio Version 17
VisualStudioVersion = 17.11.35303.130
MinimumVisualStudioVersion = 10.0.40219.1
Project("{FAE04EC0-301F-11D3-BF4B-00C04F79EFBC}") = "HolaMundoWindowsForms", "HolaMundoWindowsForms\HolaMundoWindowsForms.csproj", "{1C761746-CF9D-4166-93AA-F8E5EDCCA8EF}"
EndProject
Global
	GlobalSection(SolutionConfigurationPlatforms) = preSolution
		Debug|Any CPU = Debug|Any CPU
		Release|Any CPU = Release|Any CPU
	EndGlobalSection
	GlobalSection(ProjectConfigurationPlatforms) = postSolution
		{1C761746-CF9D-4166-93AA-F8E5EDCCA8EF}.Debug|Any CPU.ActiveCfg = Debug|Any CPU
		{1C761746-CF9D-4166-93AA-F8E5EDCCA8EF}.Debug|Any CPU.Build.0 = Debug|Any CPU
		{1C761746-CF9D-4166-93AA-F8E5EDCCA8EF}.Release|Any CPU.ActiveCfg = Release|Any CPU
		{1C761746-CF9D-4166-93AA-F8E5EDCCA8EF}.Release|Any CPU.Build.0 = Release|Any CPU
	EndGlobalSection
	GlobalSection(SolutionProperties) = preSolution
		HideSolutionNode = FALSE
	EndGlobalSection
	GlobalSection(ExtensibilityGlobals) = postSolution
		SolutionGuid = {9F882318-EFB9-424D-9A0A-0D547EB29E68}
	EndGlobalSection
EndGlobal
